
Microsoft Visual Studio Solution File, Format Version 12.00
# Visual Studio Version 17
VisualStudioVersion = 17.5.002.0
MinimumVisualStudioVersion = 10.0.40219.1
Project("{2150E333-8FDC-42A3-9474-1A3956D46DE8}") = "durable-task", "durable-task", "{6E30404F-E85C-4518-950F-0CE886843BCA}"
EndProject
Project("{9A19103F-16F7-4668-BE54-9A1E7A4F7556}") = "Azure.DurableTask", "durable-task\Azure.DurableTask\Azure.DurableTask.csproj", "{2A379D6A-2CF6-4166-ADD7-2AF1D08B12B3}"
EndProject
Project("{9A19103F-16F7-4668-BE54-9A1E7A4F7556}") = "Azure.DurableTask.Generator", "durable-task\Azure.DurableTask.Generator\Azure.DurableTask.Generator.csproj", "{6A45A9B3-39F3-43C9-B4EB-8EE4A8D4FF92}"
EndProject
Project("{2150E333-8FDC-42A3-9474-1A3956D46DE8}") = "handler", "handler", "{7DFD1749-0C57-4D4E-8F23-1487F5B4640C}"
EndProject
Project("{9A19103F-16F7-4668-BE54-9A1E7A4F7556}") = "Azure.Handler", "handler\Azure.Handler\Azure.Handler.csproj", "{C02257B9-3134-4EDB-BD7A-65F9D8BEE1BB}"
EndProject
Project("{9A19103F-16F7-4668-BE54-9A1E7A4F7556}") = "Azure.Handler.Generator", "handler\Azure.Handler.Generator\Azure.Handler.Generator.csproj", "{63CA44BE-1953-4367-B05F-3E1B06BF6A6E}"
EndProject
Project("{2150E333-8FDC-42A3-9474-1A3956D46DE8}") = "keep-warm", "keep-warm", "{187BBAAA-B293-46DA-82CA-E20C566170A4}"
EndProject
Project("{9A19103F-16F7-4668-BE54-9A1E7A4F7556}") = "Azure.KeepWarm.Generator", "keep-warm\Azure.KeepWarm.Generator\Azure.KeepWarm.Generator.csproj", "{93F9146A-12D4-4CDD-B014-D9AEFCB6327F}"
EndProject
Project("{9A19103F-16F7-4668-BE54-9A1E7A4F7556}") = "Azure.KeepWarm", "keep-warm\Azure.KeepWarm\Azure.KeepWarm.csproj", "{39E7426A-CE75-4178-B76C-F802DC1083ED}"
EndProject
Project("{2150E333-8FDC-42A3-9474-1A3956D46DE8}") = "swagger", "swagger", "{EAE08C3A-D84B-4AAE-AB6F-9D0F71ABC333}"
EndProject
Project("{9A19103F-16F7-4668-BE54-9A1E7A4F7556}") = "Azure.Swagger", "swagger\Azure.Swagger\Azure.Swagger.csproj", "{A4E2FD90-B0AC-4E58-8AF4-1F17D1016206}"
EndProject
Project("{2150E333-8FDC-42A3-9474-1A3956D46DE8}") = "endpoint", "endpoint", "{36301971-7705-42B3-A42D-4F4D80CA4B77}"
EndProject
Project("{9A19103F-16F7-4668-BE54-9A1E7A4F7556}") = "Azure.Endpoint.Generator", "endpoint\Azure.Endpoint.Generator\Azure.Endpoint.Generator.csproj", "{768CF06F-CD38-4620-A647-E544C02D6128}"
EndProject
Project("{9A19103F-16F7-4668-BE54-9A1E7A4F7556}") = "Azure.Endpoint", "endpoint\Azure.Endpoint\Azure.Endpoint.csproj", "{3FD09394-45D0-4DD9-899C-8AB05926E103}"
EndProject
Project("{2150E333-8FDC-42A3-9474-1A3956D46DE8}") = "health-check", "health-check", "{6971B67D-D70D-488E-B64B-D6240B520A27}"
EndProject
Project("{9A19103F-16F7-4668-BE54-9A1E7A4F7556}") = "Azure.HealthCheck", "health-check\Azure.HealthCheck\Azure.HealthCheck.csproj", "{8F6FFF47-F4B6-4D12-8D87-E3852B37AFBB}"
EndProject
Project("{9A19103F-16F7-4668-BE54-9A1E7A4F7556}") = "Azure.HealthCheck.Generator", "health-check\Azure.HealthCheck.Generator\Azure.HealthCheck.Generator.csproj", "{13773C15-8E0A-4FF7-ACF2-5435749C0F5E}"
EndProject
Project("{2150E333-8FDC-42A3-9474-1A3956D46DE8}") = "hosting", "hosting", "{E06F1C49-3CBC-4F24-8178-3A6B78D5B464}"
EndProject
Project("{9A19103F-16F7-4668-BE54-9A1E7A4F7556}") = "Azure.Hosting", "hosting\Azure.Hosting\Azure.Hosting.csproj", "{04DA36C0-C56F-407D-81CE-31CD192BAC50}"
EndProject
Global
	GlobalSection(SolutionConfigurationPlatforms) = preSolution
		Debug|Any CPU = Debug|Any CPU
		Release|Any CPU = Release|Any CPU
	EndGlobalSection
	GlobalSection(ProjectConfigurationPlatforms) = postSolution
		{2A379D6A-2CF6-4166-ADD7-2AF1D08B12B3}.Debug|Any CPU.ActiveCfg = Debug|Any CPU
		{2A379D6A-2CF6-4166-ADD7-2AF1D08B12B3}.Debug|Any CPU.Build.0 = Debug|Any CPU
		{2A379D6A-2CF6-4166-ADD7-2AF1D08B12B3}.Release|Any CPU.ActiveCfg = Release|Any CPU
		{2A379D6A-2CF6-4166-ADD7-2AF1D08B12B3}.Release|Any CPU.Build.0 = Release|Any CPU
		{6A45A9B3-39F3-43C9-B4EB-8EE4A8D4FF92}.Debug|Any CPU.ActiveCfg = Debug|Any CPU
		{6A45A9B3-39F3-43C9-B4EB-8EE4A8D4FF92}.Debug|Any CPU.Build.0 = Debug|Any CPU
		{6A45A9B3-39F3-43C9-B4EB-8EE4A8D4FF92}.Release|Any CPU.ActiveCfg = Release|Any CPU
		{6A45A9B3-39F3-43C9-B4EB-8EE4A8D4FF92}.Release|Any CPU.Build.0 = Release|Any CPU
		{C02257B9-3134-4EDB-BD7A-65F9D8BEE1BB}.Debug|Any CPU.ActiveCfg = Debug|Any CPU
		{C02257B9-3134-4EDB-BD7A-65F9D8BEE1BB}.Debug|Any CPU.Build.0 = Debug|Any CPU
		{C02257B9-3134-4EDB-BD7A-65F9D8BEE1BB}.Release|Any CPU.ActiveCfg = Release|Any CPU
		{C02257B9-3134-4EDB-BD7A-65F9D8BEE1BB}.Release|Any CPU.Build.0 = Release|Any CPU
		{63CA44BE-1953-4367-B05F-3E1B06BF6A6E}.Debug|Any CPU.ActiveCfg = Debug|Any CPU
		{63CA44BE-1953-4367-B05F-3E1B06BF6A6E}.Debug|Any CPU.Build.0 = Debug|Any CPU
		{63CA44BE-1953-4367-B05F-3E1B06BF6A6E}.Release|Any CPU.ActiveCfg = Release|Any CPU
		{63CA44BE-1953-4367-B05F-3E1B06BF6A6E}.Release|Any CPU.Build.0 = Release|Any CPU
		{93F9146A-12D4-4CDD-B014-D9AEFCB6327F}.Debug|Any CPU.ActiveCfg = Debug|Any CPU
		{93F9146A-12D4-4CDD-B014-D9AEFCB6327F}.Debug|Any CPU.Build.0 = Debug|Any CPU
		{93F9146A-12D4-4CDD-B014-D9AEFCB6327F}.Release|Any CPU.ActiveCfg = Release|Any CPU
		{93F9146A-12D4-4CDD-B014-D9AEFCB6327F}.Release|Any CPU.Build.0 = Release|Any CPU
		{39E7426A-CE75-4178-B76C-F802DC1083ED}.Debug|Any CPU.ActiveCfg = Debug|Any CPU
		{39E7426A-CE75-4178-B76C-F802DC1083ED}.Debug|Any CPU.Build.0 = Debug|Any CPU
		{39E7426A-CE75-4178-B76C-F802DC1083ED}.Release|Any CPU.ActiveCfg = Release|Any CPU
		{39E7426A-CE75-4178-B76C-F802DC1083ED}.Release|Any CPU.Build.0 = Release|Any CPU
		{A4E2FD90-B0AC-4E58-8AF4-1F17D1016206}.Debug|Any CPU.ActiveCfg = Debug|Any CPU
		{A4E2FD90-B0AC-4E58-8AF4-1F17D1016206}.Debug|Any CPU.Build.0 = Debug|Any CPU
		{A4E2FD90-B0AC-4E58-8AF4-1F17D1016206}.Release|Any CPU.ActiveCfg = Release|Any CPU
		{A4E2FD90-B0AC-4E58-8AF4-1F17D1016206}.Release|Any CPU.Build.0 = Release|Any CPU
		{768CF06F-CD38-4620-A647-E544C02D6128}.Debug|Any CPU.ActiveCfg = Debug|Any CPU
		{768CF06F-CD38-4620-A647-E544C02D6128}.Debug|Any CPU.Build.0 = Debug|Any CPU
		{768CF06F-CD38-4620-A647-E544C02D6128}.Release|Any CPU.ActiveCfg = Release|Any CPU
		{768CF06F-CD38-4620-A647-E544C02D6128}.Release|Any CPU.Build.0 = Release|Any CPU
		{3FD09394-45D0-4DD9-899C-8AB05926E103}.Debug|Any CPU.ActiveCfg = Debug|Any CPU
		{3FD09394-45D0-4DD9-899C-8AB05926E103}.Debug|Any CPU.Build.0 = Debug|Any CPU
		{3FD09394-45D0-4DD9-899C-8AB05926E103}.Release|Any CPU.ActiveCfg = Release|Any CPU
		{3FD09394-45D0-4DD9-899C-8AB05926E103}.Release|Any CPU.Build.0 = Release|Any CPU
		{8F6FFF47-F4B6-4D12-8D87-E3852B37AFBB}.Debug|Any CPU.ActiveCfg = Debug|Any CPU
		{8F6FFF47-F4B6-4D12-8D87-E3852B37AFBB}.Debug|Any CPU.Build.0 = Debug|Any CPU
		{8F6FFF47-F4B6-4D12-8D87-E3852B37AFBB}.Release|Any CPU.ActiveCfg = Release|Any CPU
		{8F6FFF47-F4B6-4D12-8D87-E3852B37AFBB}.Release|Any CPU.Build.0 = Release|Any CPU
		{13773C15-8E0A-4FF7-ACF2-5435749C0F5E}.Debug|Any CPU.ActiveCfg = Debug|Any CPU
		{13773C15-8E0A-4FF7-ACF2-5435749C0F5E}.Debug|Any CPU.Build.0 = Debug|Any CPU
		{13773C15-8E0A-4FF7-ACF2-5435749C0F5E}.Release|Any CPU.ActiveCfg = Release|Any CPU
		{13773C15-8E0A-4FF7-ACF2-5435749C0F5E}.Release|Any CPU.Build.0 = Release|Any CPU
		{04DA36C0-C56F-407D-81CE-31CD192BAC50}.Debug|Any CPU.ActiveCfg = Debug|Any CPU
		{04DA36C0-C56F-407D-81CE-31CD192BAC50}.Debug|Any CPU.Build.0 = Debug|Any CPU
		{04DA36C0-C56F-407D-81CE-31CD192BAC50}.Release|Any CPU.ActiveCfg = Release|Any CPU
		{04DA36C0-C56F-407D-81CE-31CD192BAC50}.Release|Any CPU.Build.0 = Release|Any CPU
	EndGlobalSection
	GlobalSection(SolutionProperties) = preSolution
		HideSolutionNode = FALSE
	EndGlobalSection
	GlobalSection(NestedProjects) = preSolution
		{2A379D6A-2CF6-4166-ADD7-2AF1D08B12B3} = {6E30404F-E85C-4518-950F-0CE886843BCA}
		{6A45A9B3-39F3-43C9-B4EB-8EE4A8D4FF92} = {6E30404F-E85C-4518-950F-0CE886843BCA}
		{C02257B9-3134-4EDB-BD7A-65F9D8BEE1BB} = {7DFD1749-0C57-4D4E-8F23-1487F5B4640C}
		{63CA44BE-1953-4367-B05F-3E1B06BF6A6E} = {7DFD1749-0C57-4D4E-8F23-1487F5B4640C}
		{93F9146A-12D4-4CDD-B014-D9AEFCB6327F} = {187BBAAA-B293-46DA-82CA-E20C566170A4}
		{39E7426A-CE75-4178-B76C-F802DC1083ED} = {187BBAAA-B293-46DA-82CA-E20C566170A4}
		{A4E2FD90-B0AC-4E58-8AF4-1F17D1016206} = {EAE08C3A-D84B-4AAE-AB6F-9D0F71ABC333}
		{768CF06F-CD38-4620-A647-E544C02D6128} = {36301971-7705-42B3-A42D-4F4D80CA4B77}
		{3FD09394-45D0-4DD9-899C-8AB05926E103} = {36301971-7705-42B3-A42D-4F4D80CA4B77}
		{8F6FFF47-F4B6-4D12-8D87-E3852B37AFBB} = {6971B67D-D70D-488E-B64B-D6240B520A27}
		{13773C15-8E0A-4FF7-ACF2-5435749C0F5E} = {6971B67D-D70D-488E-B64B-D6240B520A27}
		{04DA36C0-C56F-407D-81CE-31CD192BAC50} = {E06F1C49-3CBC-4F24-8178-3A6B78D5B464}
	EndGlobalSection
	GlobalSection(ExtensibilityGlobals) = postSolution
		SolutionGuid = {B51C0DA9-EAC0-424F-8A9F-AF9CBF84C963}
	EndGlobalSection
EndGlobal
